
Microsoft Visual Studio Solution File, Format Version 12.00
# Visual Studio Version 17
VisualStudioVersion = 17.5.33516.290
MinimumVisualStudioVersion = 10.0.40219.1
Project("{FAE04EC0-301F-11D3-BF4B-00C04F79EFBC}") = "InterfacesPerson", "InterfacesPerson\InterfacesPerson.csproj", "{F4157993-1E5F-4068-8D8B-BE7A65AC3303}"
EndProject
Project("{FAE04EC0-301F-11D3-BF4B-00C04F79EFBC}") = "Consolinterface", "Consolinterface\Consolinterface.csproj", "{83FE1967-E464-4135-9EC3-BDBAB5558E49}"
EndProject
Project("{FAE04EC0-301F-11D3-BF4B-00C04F79EFBC}") = "PersonClassLibrary", "PersonClassLibrary\PersonClassLibrary.csproj", "{72A3D4F5-E1E9-4CDA-91F7-416DD99AFA58}"
EndProject
Global
	GlobalSection(SolutionConfigurationPlatforms) = preSolution
		Debug|Any CPU = Debug|Any CPU
		Release|Any CPU = Release|Any CPU
	EndGlobalSection
	GlobalSection(ProjectConfigurationPlatforms) = postSolution
		{F4157993-1E5F-4068-8D8B-BE7A65AC3303}.Debug|Any CPU.ActiveCfg = Debug|Any CPU
		{F4157993-1E5F-4068-8D8B-BE7A65AC3303}.Debug|Any CPU.Build.0 = Debug|Any CPU
		{F4157993-1E5F-4068-8D8B-BE7A65AC3303}.Release|Any CPU.ActiveCfg = Release|Any CPU
		{F4157993-1E5F-4068-8D8B-BE7A65AC3303}.Release|Any CPU.Build.0 = Release|Any CPU
		{83FE1967-E464-4135-9EC3-BDBAB5558E49}.Debug|Any CPU.ActiveCfg = Debug|Any CPU
		{83FE1967-E464-4135-9EC3-BDBAB5558E49}.Debug|Any CPU.Build.0 = Debug|Any CPU
		{83FE1967-E464-4135-9EC3-BDBAB5558E49}.Release|Any CPU.ActiveCfg = Release|Any CPU
		{83FE1967-E464-4135-9EC3-BDBAB5558E49}.Release|Any CPU.Build.0 = Release|Any CPU
		{72A3D4F5-E1E9-4CDA-91F7-416DD99AFA58}.Debug|Any CPU.ActiveCfg = Debug|Any CPU
		{72A3D4F5-E1E9-4CDA-91F7-416DD99AFA58}.Debug|Any CPU.Build.0 = Debug|Any CPU
		{72A3D4F5-E1E9-4CDA-91F7-416DD99AFA58}.Release|Any CPU.ActiveCfg = Release|Any CPU
		{72A3D4F5-E1E9-4CDA-91F7-416DD99AFA58}.Release|Any CPU.Build.0 = Release|Any CPU
	EndGlobalSection
	GlobalSection(SolutionProperties) = preSolution
		HideSolutionNode = FALSE
	EndGlobalSection
	GlobalSection(ExtensibilityGlobals) = postSolution
		SolutionGuid = {C8618676-E00B-417F-B88E-C0491344569A}
	EndGlobalSection
EndGlobal
